// !$*UTF8*$!
{
	archiveVersion = 1;
	classes = {
	};
	objectVersion = 56;
	objects = {

/* Begin PBXBuildFile section */
		C89E36882ADB23BE00C83029 /* ColorizedView.swift in Sources */ = {isa = PBXBuildFile; fileRef = C89E36872ADB23BE00C83029 /* ColorizedView.swift */; };
		C89E368B2ADB23F900C83029 /* ColorZone.swift in Sources */ = {isa = PBXBuildFile; fileRef = C89E368A2ADB23F900C83029 /* ColorZone.swift */; };
		C89E368D2ADB247D00C83029 /* SettingColor.swift in Sources */ = {isa = PBXBuildFile; fileRef = C89E368C2ADB247D00C83029 /* SettingColor.swift */; };
		C89E368F2ADB2CE400C83029 /* DescriptionView.swift in Sources */ = {isa = PBXBuildFile; fileRef = C89E368E2ADB2CE400C83029 /* DescriptionView.swift */; };
		C89E36922ADB3EB400C83029 /* ResultSearchingView.swift in Sources */ = {isa = PBXBuildFile; fileRef = C89E36912ADB3EB400C83029 /* ResultSearchingView.swift */; };
		C89E36952ADB412300C83029 /* EmailView.swift in Sources */ = {isa = PBXBuildFile; fileRef = C89E36942ADB412300C83029 /* EmailView.swift */; };
		C8E8917F2ADA9DBE00534E9A /* Carousel_pictureApp.swift in Sources */ = {isa = PBXBuildFile; fileRef = C8E8917E2ADA9DBE00534E9A /* Carousel_pictureApp.swift */; };
		C8E891812ADA9DBE00534E9A /* ContentView.swift in Sources */ = {isa = PBXBuildFile; fileRef = C8E891802ADA9DBE00534E9A /* ContentView.swift */; };
		C8E891832ADA9DC000534E9A /* Assets.xcassets in Resources */ = {isa = PBXBuildFile; fileRef = C8E891822ADA9DC000534E9A /* Assets.xcassets */; };
		C8E891862ADA9DC000534E9A /* Preview Assets.xcassets in Resources */ = {isa = PBXBuildFile; fileRef = C8E891852ADA9DC000534E9A /* Preview Assets.xcassets */; };
		C8E8918E2ADA9E8200534E9A /* Slide.swift in Sources */ = {isa = PBXBuildFile; fileRef = C8E8918D2ADA9E8200534E9A /* Slide.swift */; };
		C8E891912ADAA3BF00534E9A /* HomeView.swift in Sources */ = {isa = PBXBuildFile; fileRef = C8E891902ADAA3BF00534E9A /* HomeView.swift */; };
		C8E891932ADAAEC800534E9A /* PageControl.swift in Sources */ = {isa = PBXBuildFile; fileRef = C8E891922ADAAEC800534E9A /* PageControl.swift */; };
		C8E891952ADAB1E600534E9A /* CustomShape.swift in Sources */ = {isa = PBXBuildFile; fileRef = C8E891942ADAB1E600534E9A /* CustomShape.swift */; };
		C8FF766B2ADC5EDD00074938 /* PostKeywordQuery.swift in Sources */ = {isa = PBXBuildFile; fileRef = C8FF766A2ADC5EDD00074938 /* PostKeywordQuery.swift */; };
		C8FF766D2ADC5F4C00074938 /* NetworkManager.swift in Sources */ = {isa = PBXBuildFile; fileRef = C8FF766C2ADC5F4C00074938 /* NetworkManager.swift */; };
		C8FF766F2ADC669100074938 /* KeywordView.swift in Sources */ = {isa = PBXBuildFile; fileRef = C8FF766E2ADC669000074938 /* KeywordView.swift */; };
/* End PBXBuildFile section */

/* Begin PBXFileReference section */
		C89E36872ADB23BE00C83029 /* ColorizedView.swift */ = {isa = PBXFileReference; lastKnownFileType = sourcecode.swift; path = ColorizedView.swift; sourceTree = "<group>"; };
		C89E368A2ADB23F900C83029 /* ColorZone.swift */ = {isa = PBXFileReference; lastKnownFileType = sourcecode.swift; path = ColorZone.swift; sourceTree = "<group>"; };
		C89E368C2ADB247D00C83029 /* SettingColor.swift */ = {isa = PBXFileReference; lastKnownFileType = sourcecode.swift; path = SettingColor.swift; sourceTree = "<group>"; };
		C89E368E2ADB2CE400C83029 /* DescriptionView.swift */ = {isa = PBXFileReference; lastKnownFileType = sourcecode.swift; path = DescriptionView.swift; sourceTree = "<group>"; };
		C89E36912ADB3EB400C83029 /* ResultSearchingView.swift */ = {isa = PBXFileReference; lastKnownFileType = sourcecode.swift; path = ResultSearchingView.swift; sourceTree = "<group>"; };
		C89E36942ADB412300C83029 /* EmailView.swift */ = {isa = PBXFileReference; lastKnownFileType = sourcecode.swift; path = EmailView.swift; sourceTree = "<group>"; };
		C8E8917B2ADA9DBE00534E9A /* Carousel_picture.app */ = {isa = PBXFileReference; explicitFileType = wrapper.application; includeInIndex = 0; path = Carousel_picture.app; sourceTree = BUILT_PRODUCTS_DIR; };
		C8E8917E2ADA9DBE00534E9A /* Carousel_pictureApp.swift */ = {isa = PBXFileReference; lastKnownFileType = sourcecode.swift; path = Carousel_pictureApp.swift; sourceTree = "<group>"; };
		C8E891802ADA9DBE00534E9A /* ContentView.swift */ = {isa = PBXFileReference; lastKnownFileType = sourcecode.swift; path = ContentView.swift; sourceTree = "<group>"; };
		C8E891822ADA9DC000534E9A /* Assets.xcassets */ = {isa = PBXFileReference; lastKnownFileType = folder.assetcatalog; path = Assets.xcassets; sourceTree = "<group>"; };
		C8E891852ADA9DC000534E9A /* Preview Assets.xcassets */ = {isa = PBXFileReference; lastKnownFileType = folder.assetcatalog; path = "Preview Assets.xcassets"; sourceTree = "<group>"; };
		C8E8918D2ADA9E8200534E9A /* Slide.swift */ = {isa = PBXFileReference; lastKnownFileType = sourcecode.swift; path = Slide.swift; sourceTree = "<group>"; };
		C8E891902ADAA3BF00534E9A /* HomeView.swift */ = {isa = PBXFileReference; lastKnownFileType = sourcecode.swift; path = HomeView.swift; sourceTree = "<group>"; };
		C8E891922ADAAEC800534E9A /* PageControl.swift */ = {isa = PBXFileReference; lastKnownFileType = sourcecode.swift; path = PageControl.swift; sourceTree = "<group>"; };
		C8E891942ADAB1E600534E9A /* CustomShape.swift */ = {isa = PBXFileReference; lastKnownFileType = sourcecode.swift; path = CustomShape.swift; sourceTree = "<group>"; };
		C8FF766A2ADC5EDD00074938 /* PostKeywordQuery.swift */ = {isa = PBXFileReference; lastKnownFileType = sourcecode.swift; path = PostKeywordQuery.swift; sourceTree = "<group>"; };
		C8FF766C2ADC5F4C00074938 /* NetworkManager.swift */ = {isa = PBXFileReference; lastKnownFileType = sourcecode.swift; path = NetworkManager.swift; sourceTree = "<group>"; };
		C8FF766E2ADC669000074938 /* KeywordView.swift */ = {isa = PBXFileReference; lastKnownFileType = sourcecode.swift; path = KeywordView.swift; sourceTree = "<group>"; };
/* End PBXFileReference section */

/* Begin PBXFrameworksBuildPhase section */
		C8E891782ADA9DBE00534E9A /* Frameworks */ = {
			isa = PBXFrameworksBuildPhase;
			buildActionMask = 2147483647;
			files = (
			);
			runOnlyForDeploymentPostprocessing = 0;
		};
/* End PBXFrameworksBuildPhase section */

/* Begin PBXGroup section */
		C89E36862ADB23A300C83029 /* HomePage */ = {
			isa = PBXGroup;
			children = (
				C8E891902ADAA3BF00534E9A /* HomeView.swift */,
				C8E891922ADAAEC800534E9A /* PageControl.swift */,
				C8E891942ADAB1E600534E9A /* CustomShape.swift */,
			);
			path = HomePage;
			sourceTree = "<group>";
		};
		C89E36892ADB23C800C83029 /* Colorized */ = {
			isa = PBXGroup;
			children = (
				C89E36872ADB23BE00C83029 /* ColorizedView.swift */,
				C89E368A2ADB23F900C83029 /* ColorZone.swift */,
				C89E368C2ADB247D00C83029 /* SettingColor.swift */,
			);
			path = Colorized;
			sourceTree = "<group>";
		};
		C89E36902ADB2CE900C83029 /* Description */ = {
			isa = PBXGroup;
			children = (
				C89E368E2ADB2CE400C83029 /* DescriptionView.swift */,
				C8FF766E2ADC669000074938 /* KeywordView.swift */,
			);
			path = Description;
			sourceTree = "<group>";
		};
		C89E36932ADB410A00C83029 /* Result */ = {
			isa = PBXGroup;
			children = (
				C89E36912ADB3EB400C83029 /* ResultSearchingView.swift */,
			);
			path = Result;
			sourceTree = "<group>";
		};
		C89E36962ADB412800C83029 /* Email */ = {
			isa = PBXGroup;
			children = (
				C89E36942ADB412300C83029 /* EmailView.swift */,
			);
			path = Email;
			sourceTree = "<group>";
		};
		C8E891722ADA9DBE00534E9A = {
			isa = PBXGroup;
			children = (
				C8E8917D2ADA9DBE00534E9A /* Carousel_picture */,
				C8E8917C2ADA9DBE00534E9A /* Products */,
			);
			sourceTree = "<group>";
		};
		C8E8917C2ADA9DBE00534E9A /* Products */ = {
			isa = PBXGroup;
			children = (
				C8E8917B2ADA9DBE00534E9A /* Carousel_picture.app */,
			);
			name = Products;
			sourceTree = "<group>";
		};
		C8E8917D2ADA9DBE00534E9A /* Carousel_picture */ = {
			isa = PBXGroup;
			children = (
				C8E8918F2ADAA39A00534E9A /* Views */,
				C8E8918C2ADA9DF800534E9A /* Models */,
				C8E8917E2ADA9DBE00534E9A /* Carousel_pictureApp.swift */,
				C8E891802ADA9DBE00534E9A /* ContentView.swift */,
				C8E891822ADA9DC000534E9A /* Assets.xcassets */,
				C8E891842ADA9DC000534E9A /* Preview Content */,
				C8FF766C2ADC5F4C00074938 /* NetworkManager.swift */,
			);
			path = Carousel_picture;
			sourceTree = "<group>";
		};
		C8E891842ADA9DC000534E9A /* Preview Content */ = {
			isa = PBXGroup;
			children = (
				C8E891852ADA9DC000534E9A /* Preview Assets.xcassets */,
			);
			path = "Preview Content";
			sourceTree = "<group>";
		};
		C8E8918C2ADA9DF800534E9A /* Models */ = {
			isa = PBXGroup;
			children = (
				C8E8918D2ADA9E8200534E9A /* Slide.swift */,
				C8FF766A2ADC5EDD00074938 /* PostKeywordQuery.swift */,
			);
			path = Models;
			sourceTree = "<group>";
		};
		C8E8918F2ADAA39A00534E9A /* Views */ = {
			isa = PBXGroup;
			children = (
				C89E36862ADB23A300C83029 /* HomePage */,
				C89E36892ADB23C800C83029 /* Colorized */,
				C89E36902ADB2CE900C83029 /* Description */,
				C89E36962ADB412800C83029 /* Email */,
				C89E36932ADB410A00C83029 /* Result */,
			);
			path = Views;
			sourceTree = "<group>";
		};
/* End PBXGroup section */

/* Begin PBXNativeTarget section */
		C8E8917A2ADA9DBE00534E9A /* Carousel_picture */ = {
			isa = PBXNativeTarget;
			buildConfigurationList = C8E891892ADA9DC000534E9A /* Build configuration list for PBXNativeTarget "Carousel_picture" */;
			buildPhases = (
				C8E891772ADA9DBE00534E9A /* Sources */,
				C8E891782ADA9DBE00534E9A /* Frameworks */,
				C8E891792ADA9DBE00534E9A /* Resources */,
			);
			buildRules = (
			);
			dependencies = (
			);
			name = Carousel_picture;
			productName = Carousel_picture;
			productReference = C8E8917B2ADA9DBE00534E9A /* Carousel_picture.app */;
			productType = "com.apple.product-type.application";
		};
/* End PBXNativeTarget section */

/* Begin PBXProject section */
		C8E891732ADA9DBE00534E9A /* Project object */ = {
			isa = PBXProject;
			attributes = {
				BuildIndependentTargetsInParallel = 1;
				LastSwiftUpdateCheck = 1420;
				LastUpgradeCheck = 1420;
				TargetAttributes = {
					C8E8917A2ADA9DBE00534E9A = {
						CreatedOnToolsVersion = 14.2;
					};
				};
			};
			buildConfigurationList = C8E891762ADA9DBE00534E9A /* Build configuration list for PBXProject "Carousel_picture" */;
			compatibilityVersion = "Xcode 14.0";
			developmentRegion = en;
			hasScannedForEncodings = 0;
			knownRegions = (
				en,
				Base,
			);
			mainGroup = C8E891722ADA9DBE00534E9A;
			productRefGroup = C8E8917C2ADA9DBE00534E9A /* Products */;
			projectDirPath = "";
			projectRoot = "";
			targets = (
				C8E8917A2ADA9DBE00534E9A /* Carousel_picture */,
			);
		};
/* End PBXProject section */

/* Begin PBXResourcesBuildPhase section */
		C8E891792ADA9DBE00534E9A /* Resources */ = {
			isa = PBXResourcesBuildPhase;
			buildActionMask = 2147483647;
			files = (
				C8E891862ADA9DC000534E9A /* Preview Assets.xcassets in Resources */,
				C8E891832ADA9DC000534E9A /* Assets.xcassets in Resources */,
			);
			runOnlyForDeploymentPostprocessing = 0;
		};
/* End PBXResourcesBuildPhase section */

/* Begin PBXSourcesBuildPhase section */
		C8E891772ADA9DBE00534E9A /* Sources */ = {
			isa = PBXSourcesBuildPhase;
			buildActionMask = 2147483647;
			files = (
				C8E891932ADAAEC800534E9A /* PageControl.swift in Sources */,
				C8FF766B2ADC5EDD00074938 /* PostKeywordQuery.swift in Sources */,
				C89E36922ADB3EB400C83029 /* ResultSearchingView.swift in Sources */,
				C8E8918E2ADA9E8200534E9A /* Slide.swift in Sources */,
				C89E368D2ADB247D00C83029 /* SettingColor.swift in Sources */,
				C8E891952ADAB1E600534E9A /* CustomShape.swift in Sources */,
				C89E36952ADB412300C83029 /* EmailView.swift in Sources */,
				C8E891912ADAA3BF00534E9A /* HomeView.swift in Sources */,
				C8E891812ADA9DBE00534E9A /* ContentView.swift in Sources */,
				C89E368B2ADB23F900C83029 /* ColorZone.swift in Sources */,
				C8FF766D2ADC5F4C00074938 /* NetworkManager.swift in Sources */,
				C8FF766F2ADC669100074938 /* KeywordView.swift in Sources */,
				C89E36882ADB23BE00C83029 /* ColorizedView.swift in Sources */,
				C8E8917F2ADA9DBE00534E9A /* Carousel_pictureApp.swift in Sources */,
				C89E368F2ADB2CE400C83029 /* DescriptionView.swift in Sources */,
			);
			runOnlyForDeploymentPostprocessing = 0;
		};
/* End PBXSourcesBuildPhase section */

/* Begin XCBuildConfiguration section */
		C8E891872ADA9DC000534E9A /* Debug */ = {
			isa = XCBuildConfiguration;
			buildSettings = {
				ALWAYS_SEARCH_USER_PATHS = NO;
				CLANG_ANALYZER_NONNULL = YES;
				CLANG_ANALYZER_NUMBER_OBJECT_CONVERSION = YES_AGGRESSIVE;
				CLANG_CXX_LANGUAGE_STANDARD = "gnu++20";
				CLANG_ENABLE_MODULES = YES;
				CLANG_ENABLE_OBJC_ARC = YES;
				CLANG_ENABLE_OBJC_WEAK = YES;
				CLANG_WARN_BLOCK_CAPTURE_AUTORELEASING = YES;
				CLANG_WARN_BOOL_CONVERSION = YES;
				CLANG_WARN_COMMA = YES;
				CLANG_WARN_CONSTANT_CONVERSION = YES;
				CLANG_WARN_DEPRECATED_OBJC_IMPLEMENTATIONS = YES;
				CLANG_WARN_DIRECT_OBJC_ISA_USAGE = YES_ERROR;
				CLANG_WARN_DOCUMENTATION_COMMENTS = YES;
				CLANG_WARN_EMPTY_BODY = YES;
				CLANG_WARN_ENUM_CONVERSION = YES;
				CLANG_WARN_INFINITE_RECURSION = YES;
				CLANG_WARN_INT_CONVERSION = YES;
				CLANG_WARN_NON_LITERAL_NULL_CONVERSION = YES;
				CLANG_WARN_OBJC_IMPLICIT_RETAIN_SELF = YES;
				CLANG_WARN_OBJC_LITERAL_CONVERSION = YES;
				CLANG_WARN_OBJC_ROOT_CLASS = YES_ERROR;
				CLANG_WARN_QUOTED_INCLUDE_IN_FRAMEWORK_HEADER = YES;
				CLANG_WARN_RANGE_LOOP_ANALYSIS = YES;
				CLANG_WARN_STRICT_PROTOTYPES = YES;
				CLANG_WARN_SUSPICIOUS_MOVE = YES;
				CLANG_WARN_UNGUARDED_AVAILABILITY = YES_AGGRESSIVE;
				CLANG_WARN_UNREACHABLE_CODE = YES;
				CLANG_WARN__DUPLICATE_METHOD_MATCH = YES;
				COPY_PHASE_STRIP = NO;
				DEBUG_INFORMATION_FORMAT = dwarf;
				ENABLE_STRICT_OBJC_MSGSEND = YES;
				ENABLE_TESTABILITY = YES;
				GCC_C_LANGUAGE_STANDARD = gnu11;
				GCC_DYNAMIC_NO_PIC = NO;
				GCC_NO_COMMON_BLOCKS = YES;
				GCC_OPTIMIZATION_LEVEL = 0;
				GCC_PREPROCESSOR_DEFINITIONS = (
					"DEBUG=1",
					"$(inherited)",
				);
				GCC_WARN_64_TO_32_BIT_CONVERSION = YES;
				GCC_WARN_ABOUT_RETURN_TYPE = YES_ERROR;
				GCC_WARN_UNDECLARED_SELECTOR = YES;
				GCC_WARN_UNINITIALIZED_AUTOS = YES_AGGRESSIVE;
				GCC_WARN_UNUSED_FUNCTION = YES;
				GCC_WARN_UNUSED_VARIABLE = YES;
				IPHONEOS_DEPLOYMENT_TARGET = 16.2;
				MTL_ENABLE_DEBUG_INFO = INCLUDE_SOURCE;
				MTL_FAST_MATH = YES;
				ONLY_ACTIVE_ARCH = YES;
				SDKROOT = iphoneos;
				SWIFT_ACTIVE_COMPILATION_CONDITIONS = DEBUG;
				SWIFT_OPTIMIZATION_LEVEL = "-Onone";
			};
			name = Debug;
		};
		C8E891882ADA9DC000534E9A /* Release */ = {
			isa = XCBuildConfiguration;
			buildSettings = {
				ALWAYS_SEARCH_USER_PATHS = NO;
				CLANG_ANALYZER_NONNULL = YES;
				CLANG_ANALYZER_NUMBER_OBJECT_CONVERSION = YES_AGGRESSIVE;
				CLANG_CXX_LANGUAGE_STANDARD = "gnu++20";
				CLANG_ENABLE_MODULES = YES;
				CLANG_ENABLE_OBJC_ARC = YES;
				CLANG_ENABLE_OBJC_WEAK = YES;
				CLANG_WARN_BLOCK_CAPTURE_AUTORELEASING = YES;
				CLANG_WARN_BOOL_CONVERSION = YES;
				CLANG_WARN_COMMA = YES;
				CLANG_WARN_CONSTANT_CONVERSION = YES;
				CLANG_WARN_DEPRECATED_OBJC_IMPLEMENTATIONS = YES;
				CLANG_WARN_DIRECT_OBJC_ISA_USAGE = YES_ERROR;
				CLANG_WARN_DOCUMENTATION_COMMENTS = YES;
				CLANG_WARN_EMPTY_BODY = YES;
				CLANG_WARN_ENUM_CONVERSION = YES;
				CLANG_WARN_INFINITE_RECURSION = YES;
				CLANG_WARN_INT_CONVERSION = YES;
				CLANG_WARN_NON_LITERAL_NULL_CONVERSION = YES;
				CLANG_WARN_OBJC_IMPLICIT_RETAIN_SELF = YES;
				CLANG_WARN_OBJC_LITERAL_CONVERSION = YES;
				CLANG_WARN_OBJC_ROOT_CLASS = YES_ERROR;
				CLANG_WARN_QUOTED_INCLUDE_IN_FRAMEWORK_HEADER = YES;
				CLANG_WARN_RANGE_LOOP_ANALYSIS = YES;
				CLANG_WARN_STRICT_PROTOTYPES = YES;
				CLANG_WARN_SUSPICIOUS_MOVE = YES;
				CLANG_WARN_UNGUARDED_AVAILABILITY = YES_AGGRESSIVE;
				CLANG_WARN_UNREACHABLE_CODE = YES;
				CLANG_WARN__DUPLICATE_METHOD_MATCH = YES;
				COPY_PHASE_STRIP = NO;
				DEBUG_INFORMATION_FORMAT = "dwarf-with-dsym";
				ENABLE_NS_ASSERTIONS = NO;
				ENABLE_STRICT_OBJC_MSGSEND = YES;
				GCC_C_LANGUAGE_STANDARD = gnu11;
				GCC_NO_COMMON_BLOCKS = YES;
				GCC_WARN_64_TO_32_BIT_CONVERSION = YES;
				GCC_WARN_ABOUT_RETURN_TYPE = YES_ERROR;
				GCC_WARN_UNDECLARED_SELECTOR = YES;
				GCC_WARN_UNINITIALIZED_AUTOS = YES_AGGRESSIVE;
				GCC_WARN_UNUSED_FUNCTION = YES;
				GCC_WARN_UNUSED_VARIABLE = YES;
				IPHONEOS_DEPLOYMENT_TARGET = 16.2;
				MTL_ENABLE_DEBUG_INFO = NO;
				MTL_FAST_MATH = YES;
				SDKROOT = iphoneos;
				SWIFT_COMPILATION_MODE = wholemodule;
				SWIFT_OPTIMIZATION_LEVEL = "-O";
				VALIDATE_PRODUCT = YES;
			};
			name = Release;
		};
		C8E8918A2ADA9DC000534E9A /* Debug */ = {
			isa = XCBuildConfiguration;
			buildSettings = {
				ASSETCATALOG_COMPILER_APPICON_NAME = AppIcon;
				ASSETCATALOG_COMPILER_GLOBAL_ACCENT_COLOR_NAME = AccentColor;
				CODE_SIGN_STYLE = Automatic;
				CURRENT_PROJECT_VERSION = 1;
				DEVELOPMENT_ASSET_PATHS = "\"Carousel_picture/Preview Content\"";
				DEVELOPMENT_TEAM = 3ZU3FM55GA;
				ENABLE_PREVIEWS = YES;
				GENERATE_INFOPLIST_FILE = YES;
				INFOPLIST_KEY_UIApplicationSceneManifest_Generation = YES;
				INFOPLIST_KEY_UIApplicationSupportsIndirectInputEvents = YES;
				INFOPLIST_KEY_UILaunchScreen_Generation = YES;
				INFOPLIST_KEY_UISupportedInterfaceOrientations_iPad = "UIInterfaceOrientationPortrait UIInterfaceOrientationPortraitUpsideDown UIInterfaceOrientationLandscapeLeft UIInterfaceOrientationLandscapeRight";
				INFOPLIST_KEY_UISupportedInterfaceOrientations_iPhone = "UIInterfaceOrientationPortrait UIInterfaceOrientationLandscapeLeft UIInterfaceOrientationLandscapeRight";
				LD_RUNPATH_SEARCH_PATHS = (
					"$(inherited)",
					"@executable_path/Frameworks",
				);
				MARKETING_VERSION = 1.0;
				PRODUCT_BUNDLE_IDENTIFIER = "ru.swiftbook.Carousel-picture";
				PRODUCT_NAME = "$(TARGET_NAME)";
				SWIFT_EMIT_LOC_STRINGS = YES;
				SWIFT_VERSION = 5.0;
				TARGETED_DEVICE_FAMILY = "1,2";
			};
			name = Debug;
		};
		C8E8918B2ADA9DC000534E9A /* Release */ = {
			isa = XCBuildConfiguration;
			buildSettings = {
				ASSETCATALOG_COMPILER_APPICON_NAME = AppIcon;
				ASSETCATALOG_COMPILER_GLOBAL_ACCENT_COLOR_NAME = AccentColor;
				CODE_SIGN_STYLE = Automatic;
				CURRENT_PROJECT_VERSION = 1;
				DEVELOPMENT_ASSET_PATHS = "\"Carousel_picture/Preview Content\"";
				DEVELOPMENT_TEAM = 3ZU3FM55GA;
				ENABLE_PREVIEWS = YES;
				GENERATE_INFOPLIST_FILE = YES;
				INFOPLIST_KEY_UIApplicationSceneManifest_Generation = YES;
				INFOPLIST_KEY_UIApplicationSupportsIndirectInputEvents = YES;
				INFOPLIST_KEY_UILaunchScreen_Generation = YES;
				INFOPLIST_KEY_UISupportedInterfaceOrientations_iPad = "UIInterfaceOrientationPortrait UIInterfaceOrientationPortraitUpsideDown UIInterfaceOrientationLandscapeLeft UIInterfaceOrientationLandscapeRight";
				INFOPLIST_KEY_UISupportedInterfaceOrientations_iPhone = "UIInterfaceOrientationPortrait UIInterfaceOrientationLandscapeLeft UIInterfaceOrientationLandscapeRight";
				LD_RUNPATH_SEARCH_PATHS = (
					"$(inherited)",
					"@executable_path/Frameworks",
				);
				MARKETING_VERSION = 1.0;
				PRODUCT_BUNDLE_IDENTIFIER = "ru.swiftbook.Carousel-picture";
				PRODUCT_NAME = "$(TARGET_NAME)";
				SWIFT_EMIT_LOC_STRINGS = YES;
				SWIFT_VERSION = 5.0;
				TARGETED_DEVICE_FAMILY = "1,2";
			};
			name = Release;
		};
/* End XCBuildConfiguration section */

/* Begin XCConfigurationList section */
		C8E891762ADA9DBE00534E9A /* Build configuration list for PBXProject "Carousel_picture" */ = {
			isa = XCConfigurationList;
			buildConfigurations = (
				C8E891872ADA9DC000534E9A /* Debug */,
				C8E891882ADA9DC000534E9A /* Release */,
			);
			defaultConfigurationIsVisible = 0;
			defaultConfigurationName = Release;
		};
		C8E891892ADA9DC000534E9A /* Build configuration list for PBXNativeTarget "Carousel_picture" */ = {
			isa = XCConfigurationList;
			buildConfigurations = (
				C8E8918A2ADA9DC000534E9A /* Debug */,
				C8E8918B2ADA9DC000534E9A /* Release */,
			);
			defaultConfigurationIsVisible = 0;
			defaultConfigurationName = Release;
		};
/* End XCConfigurationList section */
	};
	rootObject = C8E891732ADA9DBE00534E9A /* Project object */;
}
